
Microsoft Visual Studio Solution File, Format Version 12.00
# Visual Studio Version 16
VisualStudioVersion = 16.0.29009.5
MinimumVisualStudioVersion = 10.0.40219.1
Project("{FAE04EC0-301F-11D3-BF4B-00C04F79EFBC}") = "AccountApp", "AccountApp\AccountApp.csproj", "{74EFB868-C45D-46B6-A700-E42CA4D442DF}"
EndProject
Project("{FAE04EC0-301F-11D3-BF4B-00C04F79EFBC}") = "Account", "Account\Account.csproj", "{7CE48C12-9818-4BC9-A32D-06F168E23C1A}"
EndProject
Global
	GlobalSection(SolutionConfigurationPlatforms) = preSolution
		Debug|Any CPU = Debug|Any CPU
		Release|Any CPU = Release|Any CPU
	EndGlobalSection
	GlobalSection(ProjectConfigurationPlatforms) = postSolution
		{74EFB868-C45D-46B6-A700-E42CA4D442DF}.Debug|Any CPU.ActiveCfg = Debug|Any CPU
		{74EFB868-C45D-46B6-A700-E42CA4D442DF}.Debug|Any CPU.Build.0 = Debug|Any CPU
		{74EFB868-C45D-46B6-A700-E42CA4D442DF}.Release|Any CPU.ActiveCfg = Release|Any CPU
		{74EFB868-C45D-46B6-A700-E42CA4D442DF}.Release|Any CPU.Build.0 = Release|Any CPU
		{7CE48C12-9818-4BC9-A32D-06F168E23C1A}.Debug|Any CPU.ActiveCfg = Debug|Any CPU
		{7CE48C12-9818-4BC9-A32D-06F168E23C1A}.Debug|Any CPU.Build.0 = Debug|Any CPU
		{7CE48C12-9818-4BC9-A32D-06F168E23C1A}.Release|Any CPU.ActiveCfg = Release|Any CPU
		{7CE48C12-9818-4BC9-A32D-06F168E23C1A}.Release|Any CPU.Build.0 = Release|Any CPU
	EndGlobalSection
	GlobalSection(SolutionProperties) = preSolution
		HideSolutionNode = FALSE
	EndGlobalSection
	GlobalSection(ExtensibilityGlobals) = postSolution
		SolutionGuid = {5929E2B2-52AB-447B-9F92-0D8703EE1110}
	EndGlobalSection
EndGlobal
